// !$*UTF8*$!
{
	archiveVersion = 1;
	classes = {
	};
	objectVersion = 46;
	objects = {

/* Begin PBXBuildFile section */
		6B4DD1431A4C859300225AAD /* ConnectionController.swift in Sources */ = {isa = PBXBuildFile; fileRef = 6B4DD1421A4C859300225AAD /* ConnectionController.swift */; };
		6BF7349F1A4C083E00353D28 /* AppDelegate.swift in Sources */ = {isa = PBXBuildFile; fileRef = 6BF7349E1A4C083E00353D28 /* AppDelegate.swift */; };
		6BF734A11A4C083E00353D28 /* ViewController.swift in Sources */ = {isa = PBXBuildFile; fileRef = 6BF734A01A4C083E00353D28 /* ViewController.swift */; };
		6BF734A41A4C083E00353D28 /* Main.storyboard in Resources */ = {isa = PBXBuildFile; fileRef = 6BF734A21A4C083E00353D28 /* Main.storyboard */; };
		6BF734A61A4C083E00353D28 /* Images.xcassets in Resources */ = {isa = PBXBuildFile; fileRef = 6BF734A51A4C083E00353D28 /* Images.xcassets */; };
		6BF734A91A4C083E00353D28 /* LaunchScreen.xib in Resources */ = {isa = PBXBuildFile; fileRef = 6BF734A71A4C083E00353D28 /* LaunchScreen.xib */; };
		6BF734B51A4C083E00353D28 /* BLEHeartRateTests.swift in Sources */ = {isa = PBXBuildFile; fileRef = 6BF734B41A4C083E00353D28 /* BLEHeartRateTests.swift */; };
		6BF734BF1A4C103000353D28 /* HealthKit.framework in Frameworks */ = {isa = PBXBuildFile; fileRef = 6BF734BE1A4C103000353D28 /* HealthKit.framework */; };
		6BF734C41A4C6D1200353D28 /* README.md in Sources */ = {isa = PBXBuildFile; fileRef = 6BF734C31A4C6D1200353D28 /* README.md */; };
		6BF734C61A4C6E5100353D28 /* .gitignore in Resources */ = {isa = PBXBuildFile; fileRef = 6BF734C51A4C6E5100353D28 /* .gitignore */; };
/* End PBXBuildFile section */

/* Begin PBXContainerItemProxy section */
		6BF734AF1A4C083E00353D28 /* PBXContainerItemProxy */ = {
			isa = PBXContainerItemProxy;
			containerPortal = 6BF734911A4C083E00353D28 /* Project object */;
			proxyType = 1;
			remoteGlobalIDString = 6BF734981A4C083E00353D28;
			remoteInfo = BLEHeartRate;
		};
/* End PBXContainerItemProxy section */

/* Begin PBXFileReference section */
		6B4DD1421A4C859300225AAD /* ConnectionController.swift */ = {isa = PBXFileReference; fileEncoding = 4; lastKnownFileType = sourcecode.swift; path = ConnectionController.swift; sourceTree = "<group>"; };
		6BF734991A4C083E00353D28 /* BLEHeartRate.app */ = {isa = PBXFileReference; explicitFileType = wrapper.application; includeInIndex = 0; path = BLEHeartRate.app; sourceTree = BUILT_PRODUCTS_DIR; };
		6BF7349D1A4C083E00353D28 /* Info.plist */ = {isa = PBXFileReference; lastKnownFileType = text.plist.xml; path = Info.plist; sourceTree = "<group>"; };
		6BF7349E1A4C083E00353D28 /* AppDelegate.swift */ = {isa = PBXFileReference; lastKnownFileType = sourcecode.swift; path = AppDelegate.swift; sourceTree = "<group>"; };
		6BF734A01A4C083E00353D28 /* ViewController.swift */ = {isa = PBXFileReference; lastKnownFileType = sourcecode.swift; path = ViewController.swift; sourceTree = "<group>"; };
		6BF734A31A4C083E00353D28 /* Base */ = {isa = PBXFileReference; lastKnownFileType = file.storyboard; name = Base; path = Base.lproj/Main.storyboard; sourceTree = "<group>"; };
		6BF734A51A4C083E00353D28 /* Images.xcassets */ = {isa = PBXFileReference; lastKnownFileType = folder.assetcatalog; path = Images.xcassets; sourceTree = "<group>"; };
		6BF734A81A4C083E00353D28 /* Base */ = {isa = PBXFileReference; lastKnownFileType = file.xib; name = Base; path = Base.lproj/LaunchScreen.xib; sourceTree = "<group>"; };
		6BF734AE1A4C083E00353D28 /* BLEHeartRateTests.xctest */ = {isa = PBXFileReference; explicitFileType = wrapper.cfbundle; includeInIndex = 0; path = BLEHeartRateTests.xctest; sourceTree = BUILT_PRODUCTS_DIR; };
		6BF734B31A4C083E00353D28 /* Info.plist */ = {isa = PBXFileReference; lastKnownFileType = text.plist.xml; path = Info.plist; sourceTree = "<group>"; };
		6BF734B41A4C083E00353D28 /* BLEHeartRateTests.swift */ = {isa = PBXFileReference; lastKnownFileType = sourcecode.swift; path = BLEHeartRateTests.swift; sourceTree = "<group>"; };
		6BF734BE1A4C103000353D28 /* HealthKit.framework */ = {isa = PBXFileReference; lastKnownFileType = wrapper.framework; name = HealthKit.framework; path = System/Library/Frameworks/HealthKit.framework; sourceTree = SDKROOT; };
		6BF734C01A4C103000353D28 /* BLEHeartRate.entitlements */ = {isa = PBXFileReference; lastKnownFileType = text.xml; path = BLEHeartRate.entitlements; sourceTree = "<group>"; };
		6BF734C31A4C6D1200353D28 /* README.md */ = {isa = PBXFileReference; fileEncoding = 4; lastKnownFileType = net.daringfireball.markdown; path = README.md; sourceTree = "<group>"; };
		6BF734C51A4C6E5100353D28 /* .gitignore */ = {isa = PBXFileReference; fileEncoding = 4; lastKnownFileType = text; path = .gitignore; sourceTree = "<group>"; };
/* End PBXFileReference section */

/* Begin PBXFrameworksBuildPhase section */
		6BF734961A4C083E00353D28 /* Frameworks */ = {
			isa = PBXFrameworksBuildPhase;
			buildActionMask = 2147483647;
			files = (
				6BF734BF1A4C103000353D28 /* HealthKit.framework in Frameworks */,
			);
			runOnlyForDeploymentPostprocessing = 0;
		};
		6BF734AB1A4C083E00353D28 /* Frameworks */ = {
			isa = PBXFrameworksBuildPhase;
			buildActionMask = 2147483647;
			files = (
			);
			runOnlyForDeploymentPostprocessing = 0;
		};
/* End PBXFrameworksBuildPhase section */

/* Begin PBXGroup section */
		6BF734901A4C083E00353D28 = {
			isa = PBXGroup;
			children = (
				6BF734C51A4C6E5100353D28 /* .gitignore */,
				6BF734C31A4C6D1200353D28 /* README.md */,
				6BF734BE1A4C103000353D28 /* HealthKit.framework */,
				6BF7349B1A4C083E00353D28 /* BLEHeartRate */,
				6BF734B11A4C083E00353D28 /* BLEHeartRateTests */,
				6BF7349A1A4C083E00353D28 /* Products */,
			);
			sourceTree = "<group>";
		};
		6BF7349A1A4C083E00353D28 /* Products */ = {
			isa = PBXGroup;
			children = (
				6BF734991A4C083E00353D28 /* BLEHeartRate.app */,
				6BF734AE1A4C083E00353D28 /* BLEHeartRateTests.xctest */,
			);
			name = Products;
			sourceTree = "<group>";
		};
		6BF7349B1A4C083E00353D28 /* BLEHeartRate */ = {
			isa = PBXGroup;
			children = (
				6BF734C01A4C103000353D28 /* BLEHeartRate.entitlements */,
				6BF7349E1A4C083E00353D28 /* AppDelegate.swift */,
				6BF734A01A4C083E00353D28 /* ViewController.swift */,
				6B4DD1421A4C859300225AAD /* ConnectionController.swift */,
				6BF734A21A4C083E00353D28 /* Main.storyboard */,
				6BF734A51A4C083E00353D28 /* Images.xcassets */,
				6BF734A71A4C083E00353D28 /* LaunchScreen.xib */,
				6BF7349C1A4C083E00353D28 /* Supporting Files */,
			);
			path = BLEHeartRate;
			sourceTree = "<group>";
		};
		6BF7349C1A4C083E00353D28 /* Supporting Files */ = {
			isa = PBXGroup;
			children = (
				6BF7349D1A4C083E00353D28 /* Info.plist */,
			);
			name = "Supporting Files";
			sourceTree = "<group>";
		};
		6BF734B11A4C083E00353D28 /* BLEHeartRateTests */ = {
			isa = PBXGroup;
			children = (
				6BF734B41A4C083E00353D28 /* BLEHeartRateTests.swift */,
				6BF734B21A4C083E00353D28 /* Supporting Files */,
			);
			path = BLEHeartRateTests;
			sourceTree = "<group>";
		};
		6BF734B21A4C083E00353D28 /* Supporting Files */ = {
			isa = PBXGroup;
			children = (
				6BF734B31A4C083E00353D28 /* Info.plist */,
			);
			name = "Supporting Files";
			sourceTree = "<group>";
		};
/* End PBXGroup section */

/* Begin PBXNativeTarget section */
		6BF734981A4C083E00353D28 /* BLEHeartRate */ = {
			isa = PBXNativeTarget;
			buildConfigurationList = 6BF734B81A4C083E00353D28 /* Build configuration list for PBXNativeTarget "BLEHeartRate" */;
			buildPhases = (
				6BF734951A4C083E00353D28 /* Sources */,
				6BF734961A4C083E00353D28 /* Frameworks */,
				6BF734971A4C083E00353D28 /* Resources */,
			);
			buildRules = (
			);
			dependencies = (
			);
			name = BLEHeartRate;
			productName = BLEHeartRate;
			productReference = 6BF734991A4C083E00353D28 /* BLEHeartRate.app */;
			productType = "com.apple.product-type.application";
		};
		6BF734AD1A4C083E00353D28 /* BLEHeartRateTests */ = {
			isa = PBXNativeTarget;
			buildConfigurationList = 6BF734BB1A4C083E00353D28 /* Build configuration list for PBXNativeTarget "BLEHeartRateTests" */;
			buildPhases = (
				6BF734AA1A4C083E00353D28 /* Sources */,
				6BF734AB1A4C083E00353D28 /* Frameworks */,
				6BF734AC1A4C083E00353D28 /* Resources */,
			);
			buildRules = (
			);
			dependencies = (
				6BF734B01A4C083E00353D28 /* PBXTargetDependency */,
			);
			name = BLEHeartRateTests;
			productName = BLEHeartRateTests;
			productReference = 6BF734AE1A4C083E00353D28 /* BLEHeartRateTests.xctest */;
			productType = "com.apple.product-type.bundle.unit-test";
		};
/* End PBXNativeTarget section */

/* Begin PBXProject section */
		6BF734911A4C083E00353D28 /* Project object */ = {
			isa = PBXProject;
			attributes = {
				LastUpgradeCheck = 0610;
				ORGANIZATIONNAME = "Jonas Wisplinghoff";
				TargetAttributes = {
					6BF734981A4C083E00353D28 = {
						CreatedOnToolsVersion = 6.1.1;
						DevelopmentTeam = Z4U9Y3BTC9;
						SystemCapabilities = {
							com.apple.HealthKit = {
								enabled = 1;
							};
						};
					};
					6BF734AD1A4C083E00353D28 = {
						CreatedOnToolsVersion = 6.1.1;
						TestTargetID = 6BF734981A4C083E00353D28;
					};
				};
			};
			buildConfigurationList = 6BF734941A4C083E00353D28 /* Build configuration list for PBXProject "BLEHeartRate" */;
			compatibilityVersion = "Xcode 3.2";
			developmentRegion = English;
			hasScannedForEncodings = 0;
			knownRegions = (
				en,
				Base,
			);
			mainGroup = 6BF734901A4C083E00353D28;
			productRefGroup = 6BF7349A1A4C083E00353D28 /* Products */;
			projectDirPath = "";
			projectRoot = "";
			targets = (
				6BF734981A4C083E00353D28 /* BLEHeartRate */,
				6BF734AD1A4C083E00353D28 /* BLEHeartRateTests */,
			);
		};
/* End PBXProject section */

/* Begin PBXResourcesBuildPhase section */
		6BF734971A4C083E00353D28 /* Resources */ = {
			isa = PBXResourcesBuildPhase;
			buildActionMask = 2147483647;
			files = (
				6BF734C61A4C6E5100353D28 /* .gitignore in Resources */,
				6BF734A41A4C083E00353D28 /* Main.storyboard in Resources */,
				6BF734A91A4C083E00353D28 /* LaunchScreen.xib in Resources */,
				6BF734A61A4C083E00353D28 /* Images.xcassets in Resources */,
			);
			runOnlyForDeploymentPostprocessing = 0;
		};
		6BF734AC1A4C083E00353D28 /* Resources */ = {
			isa = PBXResourcesBuildPhase;
			buildActionMask = 2147483647;
			files = (
			);
			runOnlyForDeploymentPostprocessing = 0;
		};
/* End PBXResourcesBuildPhase section */

/* Begin PBXSourcesBuildPhase section */
		6BF734951A4C083E00353D28 /* Sources */ = {
			isa = PBXSourcesBuildPhase;
			buildActionMask = 2147483647;
			files = (
				6BF734C41A4C6D1200353D28 /* README.md in Sources */,
				6B4DD1431A4C859300225AAD /* ConnectionController.swift in Sources */,
				6BF734A11A4C083E00353D28 /* ViewController.swift in Sources */,
				6BF7349F1A4C083E00353D28 /* AppDelegate.swift in Sources */,
			);
			runOnlyForDeploymentPostprocessing = 0;
		};
		6BF734AA1A4C083E00353D28 /* Sources */ = {
			isa = PBXSourcesBuildPhase;
			buildActionMask = 2147483647;
			files = (
				6BF734B51A4C083E00353D28 /* BLEHeartRateTests.swift in Sources */,
			);
			runOnlyForDeploymentPostprocessing = 0;
		};
/* End PBXSourcesBuildPhase section */

/* Begin PBXTargetDependency section */
		6BF734B01A4C083E00353D28 /* PBXTargetDependency */ = {
			isa = PBXTargetDependency;
			target = 6BF734981A4C083E00353D28 /* BLEHeartRate */;
			targetProxy = 6BF734AF1A4C083E00353D28 /* PBXContainerItemProxy */;
		};
/* End PBXTargetDependency section */

/* Begin PBXVariantGroup section */
		6BF734A21A4C083E00353D28 /* Main.storyboard */ = {
			isa = PBXVariantGroup;
			children = (
				6BF734A31A4C083E00353D28 /* Base */,
			);
			name = Main.storyboard;
			sourceTree = "<group>";
		};
		6BF734A71A4C083E00353D28 /* LaunchScreen.xib */ = {
			isa = PBXVariantGroup;
			children = (
				6BF734A81A4C083E00353D28 /* Base */,
			);
			name = LaunchScreen.xib;
			sourceTree = "<group>";
		};
/* End PBXVariantGroup section */

/* Begin XCBuildConfiguration section */
		6BF734B61A4C083E00353D28 /* Debug */ = {
			isa = XCBuildConfiguration;
			buildSettings = {
				ALWAYS_SEARCH_USER_PATHS = NO;
				CLANG_CXX_LANGUAGE_STANDARD = "gnu++0x";
				CLANG_CXX_LIBRARY = "libc++";
				CLANG_ENABLE_MODULES = YES;
				CLANG_ENABLE_OBJC_ARC = YES;
				CLANG_WARN_BOOL_CONVERSION = YES;
				CLANG_WARN_CONSTANT_CONVERSION = YES;
				CLANG_WARN_DIRECT_OBJC_ISA_USAGE = YES_ERROR;
				CLANG_WARN_EMPTY_BODY = YES;
				CLANG_WARN_ENUM_CONVERSION = YES;
				CLANG_WARN_INT_CONVERSION = YES;
				CLANG_WARN_OBJC_ROOT_CLASS = YES_ERROR;
				CLANG_WARN_UNREACHABLE_CODE = YES;
				CLANG_WARN__DUPLICATE_METHOD_MATCH = YES;
				"CODE_SIGN_IDENTITY[sdk=iphoneos*]" = "iPhone Developer";
				COPY_PHASE_STRIP = NO;
				ENABLE_STRICT_OBJC_MSGSEND = YES;
				GCC_C_LANGUAGE_STANDARD = gnu99;
				GCC_DYNAMIC_NO_PIC = NO;
				GCC_OPTIMIZATION_LEVEL = 0;
				GCC_PREPROCESSOR_DEFINITIONS = (
					"DEBUG=1",
					"$(inherited)",
				);
				GCC_SYMBOLS_PRIVATE_EXTERN = NO;
				GCC_WARN_64_TO_32_BIT_CONVERSION = YES;
				GCC_WARN_ABOUT_RETURN_TYPE = YES_ERROR;
				GCC_WARN_UNDECLARED_SELECTOR = YES;
				GCC_WARN_UNINITIALIZED_AUTOS = YES_AGGRESSIVE;
				GCC_WARN_UNUSED_FUNCTION = YES;
				GCC_WARN_UNUSED_VARIABLE = YES;
				IPHONEOS_DEPLOYMENT_TARGET = 8.1;
				MTL_ENABLE_DEBUG_INFO = YES;
				ONLY_ACTIVE_ARCH = YES;
				SDKROOT = iphoneos;
				SWIFT_OPTIMIZATION_LEVEL = "-Onone";
			};
			name = Debug;
		};
		6BF734B71A4C083E00353D28 /* Release */ = {
			isa = XCBuildConfiguration;
			buildSettings = {
				ALWAYS_SEARCH_USER_PATHS = NO;
				CLANG_CXX_LANGUAGE_STANDARD = "gnu++0x";
				CLANG_CXX_LIBRARY = "libc++";
				CLANG_ENABLE_MODULES = YES;
				CLANG_ENABLE_OBJC_ARC = YES;
				CLANG_WARN_BOOL_CONVERSION = YES;
				CLANG_WARN_CONSTANT_CONVERSION = YES;
				CLANG_WARN_DIRECT_OBJC_ISA_USAGE = YES_ERROR;
				CLANG_WARN_EMPTY_BODY = YES;
				CLANG_WARN_ENUM_CONVERSION = YES;
				CLANG_WARN_INT_CONVERSION = YES;
				CLANG_WARN_OBJC_ROOT_CLASS = YES_ERROR;
				CLANG_WARN_UNREACHABLE_CODE = YES;
				CLANG_WARN__DUPLICATE_METHOD_MATCH = YES;
				"CODE_SIGN_IDENTITY[sdk=iphoneos*]" = "iPhone Developer";
				COPY_PHASE_STRIP = YES;
				ENABLE_NS_ASSERTIONS = NO;
				ENABLE_STRICT_OBJC_MSGSEND = YES;
				GCC_C_LANGUAGE_STANDARD = gnu99;
				GCC_WARN_64_TO_32_BIT_CONVERSION = YES;
				GCC_WARN_ABOUT_RETURN_TYPE = YES_ERROR;
				GCC_WARN_UNDECLARED_SELECTOR = YES;
				GCC_WARN_UNINITIALIZED_AUTOS = YES_AGGRESSIVE;
				GCC_WARN_UNUSED_FUNCTION = YES;
				GCC_WARN_UNUSED_VARIABLE = YES;
				IPHONEOS_DEPLOYMENT_TARGET = 8.1;
				MTL_ENABLE_DEBUG_INFO = NO;
				SDKROOT = iphoneos;
				VALIDATE_PRODUCT = YES;
			};
			name = Release;
		};
		6BF734B91A4C083E00353D28 /* Debug */ = {
			isa = XCBuildConfiguration;
			buildSettings = {
				ASSETCATALOG_COMPILER_APPICON_NAME = AppIcon;
				CODE_SIGN_ENTITLEMENTS = BLEHeartRate/BLEHeartRate.entitlements;
				CODE_SIGN_IDENTITY = "iPhone Developer";
				"CODE_SIGN_IDENTITY[sdk=iphoneos*]" = "iPhone Developer";
				INFOPLIST_FILE = BLEHeartRate/Info.plist;
				LD_RUNPATH_SEARCH_PATHS = "$(inherited) @executable_path/Frameworks";
				PRODUCT_NAME = "$(TARGET_NAME)";
				PROVISIONING_PROFILE = "";
			};
			name = Debug;
		};
		6BF734BA1A4C083E00353D28 /* Release */ = {
			isa = XCBuildConfiguration;
			buildSettings = {
				ASSETCATALOG_COMPILER_APPICON_NAME = AppIcon;
				CODE_SIGN_ENTITLEMENTS = BLEHeartRate/BLEHeartRate.entitlements;
				CODE_SIGN_IDENTITY = "iPhone Developer";
				"CODE_SIGN_IDENTITY[sdk=iphoneos*]" = "iPhone Developer";
				INFOPLIST_FILE = BLEHeartRate/Info.plist;
				LD_RUNPATH_SEARCH_PATHS = "$(inherited) @executable_path/Frameworks";
				PRODUCT_NAME = "$(TARGET_NAME)";
				PROVISIONING_PROFILE = "";
			};
			name = Release;
		};
		6BF734BC1A4C083E00353D28 /* Debug */ = {
			isa = XCBuildConfiguration;
			buildSettings = {
				BUNDLE_LOADER = "$(TEST_HOST)";
				FRAMEWORK_SEARCH_PATHS = (
					"$(SDKROOT)/Developer/Library/Frameworks",
					"$(inherited)",
				);
				GCC_PREPROCESSOR_DEFINITIONS = (
					"DEBUG=1",
					"$(inherited)",
				);
				INFOPLIST_FILE = BLEHeartRateTests/Info.plist;
				LD_RUNPATH_SEARCH_PATHS = "$(inherited) @executable_path/Frameworks @loader_path/Frameworks";
				PRODUCT_NAME = "$(TARGET_NAME)";
				TEST_HOST = "$(BUILT_PRODUCTS_DIR)/BLEHeartRate.app/BLEHeartRate";
			};
			name = Debug;
		};
		6BF734BD1A4C083E00353D28 /* Release */ = {
			isa = XCBuildConfiguration;
			buildSettings = {
				BUNDLE_LOADER = "$(TEST_HOST)";
				FRAMEWORK_SEARCH_PATHS = (
					"$(SDKROOT)/Developer/Library/Frameworks",
					"$(inherited)",
				);
				INFOPLIST_FILE = BLEHeartRateTests/Info.plist;
				LD_RUNPATH_SEARCH_PATHS = "$(inherited) @executable_path/Frameworks @loader_path/Frameworks";
				PRODUCT_NAME = "$(TARGET_NAME)";
				TEST_HOST = "$(BUILT_PRODUCTS_DIR)/BLEHeartRate.app/BLEHeartRate";
			};
			name = Release;
		};
/* End XCBuildConfiguration section */

/* Begin XCConfigurationList section */
		6BF734941A4C083E00353D28 /* Build configuration list for PBXProject "BLEHeartRate" */ = {
			isa = XCConfigurationList;
			buildConfigurations = (
				6BF734B61A4C083E00353D28 /* Debug */,
				6BF734B71A4C083E00353D28 /* Release */,
			);
			defaultConfigurationIsVisible = 0;
			defaultConfigurationName = Release;
		};
		6BF734B81A4C083E00353D28 /* Build configuration list for PBXNativeTarget "BLEHeartRate" */ = {
			isa = XCConfigurationList;
			buildConfigurations = (
				6BF734B91A4C083E00353D28 /* Debug */,
				6BF734BA1A4C083E00353D28 /* Release */,
			);
			defaultConfigurationIsVisible = 0;
			defaultConfigurationName = Release;
		};
		6BF734BB1A4C083E00353D28 /* Build configuration list for PBXNativeTarget "BLEHeartRateTests" */ = {
			isa = XCConfigurationList;
			buildConfigurations = (
				6BF734BC1A4C083E00353D28 /* Debug */,
				6BF734BD1A4C083E00353D28 /* Release */,
			);
			defaultConfigurationIsVisible = 0;
			defaultConfigurationName = Release;
		};
/* End XCConfigurationList section */
	};
	rootObject = 6BF734911A4C083E00353D28 /* Project object */;
}
